Microsoft Visual Studio Solution File, Format Version 12.00
# Visual Studio Version 16
VisualStudioVersion = 16.0.28701.123
MinimumVisualStudioVersion = 10.0.40219.1
Project("{F184B08F-C81C-45F6-A57F-5ABD9991F28F}") = "Project1", "Project1.vbproj", "{8CDD8387-B905-44A8-B5D5-07BB50E05BEA}"
EndProject
Global
  GlobalSection(SolutionNotes) = postSolution
  EndGlobalSection
  GlobalSection(SolutionConfiguration) = preSolution
       ConfigName.0 = Debug
       ConfigName.1 = Release
  EndGlobalSection
  GlobalSection(ProjectDependencies) = postSolution
  EndGlobalSection
  GlobalSection(ProjectConfiguration) = postSolution
   {8CDD8387-B905-44A8-B5D5-07BB50E05BEA}.Debug.ActiveCfg = Debug|x86
   {8CDD8387-B905-44A8-B5D5-07BB50E05BEA}.Debug.Build.0 = Debug|x86
   {8CDD8387-B905-44A8-B5D5-07BB50E05BEA}.Release.ActiveCfg = Release|x86
   {8CDD8387-B905-44A8-B5D5-07BB50E05BEA}.Release.Build.0 = Release|x86
  EndGlobalSection
  GlobalSection(ExtensibilityGlobals) = postSolution
  EndGlobalSection
  GlobalSection(ExtensibilityAddIns) = postSolution
  EndGlobalSection
EndGlobal
